
Microsoft Visual Studio Solution File, Format Version 12.00
# Visual Studio Version 16
VisualStudioVersion = 16.0.29230.47
MinimumVisualStudioVersion = 10.0.40219.1
Project("{FAE04EC0-301F-11D3-BF4B-00C04F79EFBC}") = "Healz", "Healz\Healz.csproj", "{6EDB6C41-9122-4F33-BB22-E4544B4DC829}"
EndProject
Global
	GlobalSection(SolutionConfigurationPlatforms) = preSolution
		Debug|Any CPU = Debug|Any CPU
		Release|Any CPU = Release|Any CPU
	EndGlobalSection
	GlobalSection(ProjectConfigurationPlatforms) = postSolution
		{6EDB6C41-9122-4F33-BB22-E4544B4DC829}.Debug|Any CPU.ActiveCfg = Debug|Any CPU
		{6EDB6C41-9122-4F33-BB22-E4544B4DC829}.Debug|Any CPU.Build.0 = Debug|Any CPU
		{6EDB6C41-9122-4F33-BB22-E4544B4DC829}.Release|Any CPU.ActiveCfg = Release|Any CPU
		{6EDB6C41-9122-4F33-BB22-E4544B4DC829}.Release|Any CPU.Build.0 = Release|Any CPU
	EndGlobalSection
	GlobalSection(SolutionProperties) = preSolution
		HideSolutionNode = FALSE
	EndGlobalSection
	GlobalSection(ExtensibilityGlobals) = postSolution
		SolutionGuid = {0BA93DAF-3F8E-4906-8C04-44E79D946AEA}
	EndGlobalSection
EndGlobal
