
Microsoft Visual Studio Solution File, Format Version 12.00
# Visual Studio Version 16
VisualStudioVersion = 16.0.29324.140
MinimumVisualStudioVersion = 10.0.40219.1
Project("{9A19103F-16F7-4668-BE54-9A1E7A4F7556}") = "Healz", "Healz\Healz.csproj", "{6EDB6C41-9122-4F33-BB22-E4544B4DC829}"
EndProject
Project("{FAE04EC0-301F-11D3-BF4B-00C04F79EFBC}") = "Healz.Core", "Healz.Core\Healz.Core.csproj", "{0822EBF1-C15E-4E62-AE0F-39F5D276C7A3}"
EndProject
Project("{FAE04EC0-301F-11D3-BF4B-00C04F79EFBC}") = "Healz.Data", "Healz.Data\Healz.Data.csproj", "{5853B373-29DB-41CF-985A-9F9DD29277A2}"
EndProject
Global
	GlobalSection(SolutionConfigurationPlatforms) = preSolution
		Debug|Any CPU = Debug|Any CPU
		Release|Any CPU = Release|Any CPU
	EndGlobalSection
	GlobalSection(ProjectConfigurationPlatforms) = postSolution
		{6EDB6C41-9122-4F33-BB22-E4544B4DC829}.Debug|Any CPU.ActiveCfg = Debug|Any CPU
		{6EDB6C41-9122-4F33-BB22-E4544B4DC829}.Debug|Any CPU.Build.0 = Debug|Any CPU
		{6EDB6C41-9122-4F33-BB22-E4544B4DC829}.Release|Any CPU.ActiveCfg = Release|Any CPU
		{6EDB6C41-9122-4F33-BB22-E4544B4DC829}.Release|Any CPU.Build.0 = Release|Any CPU
		{0822EBF1-C15E-4E62-AE0F-39F5D276C7A3}.Debug|Any CPU.ActiveCfg = Debug|Any CPU
		{0822EBF1-C15E-4E62-AE0F-39F5D276C7A3}.Debug|Any CPU.Build.0 = Debug|Any CPU
		{0822EBF1-C15E-4E62-AE0F-39F5D276C7A3}.Release|Any CPU.ActiveCfg = Release|Any CPU
		{0822EBF1-C15E-4E62-AE0F-39F5D276C7A3}.Release|Any CPU.Build.0 = Release|Any CPU
		{5853B373-29DB-41CF-985A-9F9DD29277A2}.Debug|Any CPU.ActiveCfg = Debug|Any CPU
		{5853B373-29DB-41CF-985A-9F9DD29277A2}.Debug|Any CPU.Build.0 = Debug|Any CPU
		{5853B373-29DB-41CF-985A-9F9DD29277A2}.Release|Any CPU.ActiveCfg = Release|Any CPU
		{5853B373-29DB-41CF-985A-9F9DD29277A2}.Release|Any CPU.Build.0 = Release|Any CPU
	EndGlobalSection
	GlobalSection(SolutionProperties) = preSolution
		HideSolutionNode = FALSE
	EndGlobalSection
	GlobalSection(ExtensibilityGlobals) = postSolution
		SolutionGuid = {0BA93DAF-3F8E-4906-8C04-44E79D946AEA}
	EndGlobalSection
EndGlobal
